
Microsoft Visual Studio Solution File, Format Version 12.00
# Visual Studio 15
VisualStudioVersion = 15.0.28307.572
MinimumVisualStudioVersion = 10.0.40219.1
Project("{FAE04EC0-301F-11D3-BF4B-00C04F79EFBC}") = "TwoFormUpdate", "TwoFormUpdate\TwoFormUpdate.csproj", "{E4E8F790-DB2A-4C3B-8872-E49CFAF8B413}"
EndProject
Global
	GlobalSection(SolutionConfigurationPlatforms) = preSolution
		Debug|Any CPU = Debug|Any CPU
		Release|Any CPU = Release|Any CPU
	EndGlobalSection
	GlobalSection(ProjectConfigurationPlatforms) = postSolution
		{E4E8F790-DB2A-4C3B-8872-E49CFAF8B413}.Debug|Any CPU.ActiveCfg = Debug|Any CPU
		{E4E8F790-DB2A-4C3B-8872-E49CFAF8B413}.Debug|Any CPU.Build.0 = Debug|Any CPU
		{E4E8F790-DB2A-4C3B-8872-E49CFAF8B413}.Release|Any CPU.ActiveCfg = Release|Any CPU
		{E4E8F790-DB2A-4C3B-8872-E49CFAF8B413}.Release|Any CPU.Build.0 = Release|Any CPU
	EndGlobalSection
	GlobalSection(SolutionProperties) = preSolution
		HideSolutionNode = FALSE
	EndGlobalSection
	GlobalSection(ExtensibilityGlobals) = postSolution
		SolutionGuid = {09863B35-EC7D-4723-897E-96A279C0C59F}
	EndGlobalSection
EndGlobal
